
Microsoft Visual Studio Solution File, Format Version 12.00
# Visual Studio Version 17
VisualStudioVersion = 17.4.33110.190
MinimumVisualStudioVersion = 10.0.40219.1
Project("{9A19103F-16F7-4668-BE54-9A1E7A4F7556}") = "RANO", "RANO.csproj", "{50B4CE2E-5F5C-4F27-BCC1-B892BDF6C533}"
EndProject
Project("{9A19103F-16F7-4668-BE54-9A1E7A4F7556}") = "RANO.NUnitTest", "..\RANO.NUnitTest\RANO.NUnitTest.csproj", "{65C77AFD-EB91-42DD-9FC8-7CC2AAD415B5}"
EndProject
Global
	GlobalSection(SolutionConfigurationPlatforms) = preSolution
		Debug|Any CPU = Debug|Any CPU
		Release|Any CPU = Release|Any CPU
	EndGlobalSection
	GlobalSection(ProjectConfigurationPlatforms) = postSolution
		{50B4CE2E-5F5C-4F27-BCC1-B892BDF6C533}.Debug|Any CPU.ActiveCfg = Debug|Any CPU
		{50B4CE2E-5F5C-4F27-BCC1-B892BDF6C533}.Debug|Any CPU.Build.0 = Debug|Any CPU
		{50B4CE2E-5F5C-4F27-BCC1-B892BDF6C533}.Release|Any CPU.ActiveCfg = Release|Any CPU
		{50B4CE2E-5F5C-4F27-BCC1-B892BDF6C533}.Release|Any CPU.Build.0 = Release|Any CPU
		{65C77AFD-EB91-42DD-9FC8-7CC2AAD415B5}.Debug|Any CPU.ActiveCfg = Debug|Any CPU
		{65C77AFD-EB91-42DD-9FC8-7CC2AAD415B5}.Debug|Any CPU.Build.0 = Debug|Any CPU
		{65C77AFD-EB91-42DD-9FC8-7CC2AAD415B5}.Release|Any CPU.ActiveCfg = Release|Any CPU
		{65C77AFD-EB91-42DD-9FC8-7CC2AAD415B5}.Release|Any CPU.Build.0 = Release|Any CPU
	EndGlobalSection
	GlobalSection(SolutionProperties) = preSolution
		HideSolutionNode = FALSE
	EndGlobalSection
	GlobalSection(ExtensibilityGlobals) = postSolution
		SolutionGuid = {AA5D67BC-3481-4C20-8732-ABBB2FBB1C48}
	EndGlobalSection
EndGlobal
